
Microsoft Visual Studio Solution File, Format Version 12.00
# Visual Studio Version 16
VisualStudioVersion = 16.0.31112.23
MinimumVisualStudioVersion = 10.0.40219.1
Project("{2150E333-8FDC-42A3-9474-1A3956D46DE8}") = "Services", "Services", "{80898507-97E7-48B1-9458-4B98D6CF5397}"
EndProject
Project("{2150E333-8FDC-42A3-9474-1A3956D46DE8}") = "Catalog", "Catalog", "{E4D070F2-B2D1-41C2-BD1E-F43E22993ACF}"
EndProject
Project("{9A19103F-16F7-4668-BE54-9A1E7A4F7556}") = "Catalog.API", "Services\Catalog\Catalog.API\Catalog.API.csproj", "{A203C978-EFA2-453F-9037-E7F4A774C4C9}"
EndProject
Project("{E53339B2-1760-4266-BCC7-CA923CBCF16C}") = "docker-compose", "docker-compose.dcproj", "{1D2D53CA-4A60-4BCB-9574-CDDBF8011EC3}"
EndProject
Project("{2150E333-8FDC-42A3-9474-1A3956D46DE8}") = "Basket", "Basket", "{0E93F9BE-CA84-493C-B01B-005DBC2A7DB4}"
EndProject
Project("{9A19103F-16F7-4668-BE54-9A1E7A4F7556}") = "Basket.API", "Services\Basket\Basket.API\Basket.API.csproj", "{85303292-5272-4BF2-9A3C-55FA6A470FCF}"
EndProject
Project("{2150E333-8FDC-42A3-9474-1A3956D46DE8}") = "Discount", "Discount", "{043D0058-841C-4D98-A491-5D548908E505}"
EndProject
Project("{9A19103F-16F7-4668-BE54-9A1E7A4F7556}") = "Discount.API", "Services\Discount\Discount.API\Discount.API.csproj", "{17551064-BCC9-4512-9749-EC72D4A3BC69}"
EndProject
Project("{9A19103F-16F7-4668-BE54-9A1E7A4F7556}") = "Discount.gRPC", "Services\Discount\Discount.gRPC\Discount.gRPC.csproj", "{A656CEC1-D0A8-4BB7-BEEE-5062BD9A1E1D}"
EndProject
Project("{2150E333-8FDC-42A3-9474-1A3956D46DE8}") = "Ordering", "Ordering", "{E0DA831F-CAFF-4111-B7F3-7AE304B9FC56}"
EndProject
Project("{9A19103F-16F7-4668-BE54-9A1E7A4F7556}") = "Ordering.API", "Services\Ordering\Ordering.API\Ordering.API.csproj", "{8D141F83-E525-4DB1-AED0-97EEF19FFC8F}"
EndProject
Project("{FAE04EC0-301F-11D3-BF4B-00C04F79EFBC}") = "Ordering.Domain", "Services\Ordering\Ordering.Domain\Ordering.Domain.csproj", "{EB93B1DE-1FFC-4AF9-8B17-5802A37856F3}"
EndProject
Global
	GlobalSection(SolutionConfigurationPlatforms) = preSolution
		Debug|Any CPU = Debug|Any CPU
		Release|Any CPU = Release|Any CPU
	EndGlobalSection
	GlobalSection(ProjectConfigurationPlatforms) = postSolution
		{A203C978-EFA2-453F-9037-E7F4A774C4C9}.Debug|Any CPU.ActiveCfg = Debug|Any CPU
		{A203C978-EFA2-453F-9037-E7F4A774C4C9}.Debug|Any CPU.Build.0 = Debug|Any CPU
		{A203C978-EFA2-453F-9037-E7F4A774C4C9}.Release|Any CPU.ActiveCfg = Release|Any CPU
		{A203C978-EFA2-453F-9037-E7F4A774C4C9}.Release|Any CPU.Build.0 = Release|Any CPU
		{1D2D53CA-4A60-4BCB-9574-CDDBF8011EC3}.Debug|Any CPU.ActiveCfg = Debug|Any CPU
		{1D2D53CA-4A60-4BCB-9574-CDDBF8011EC3}.Debug|Any CPU.Build.0 = Debug|Any CPU
		{1D2D53CA-4A60-4BCB-9574-CDDBF8011EC3}.Release|Any CPU.ActiveCfg = Release|Any CPU
		{1D2D53CA-4A60-4BCB-9574-CDDBF8011EC3}.Release|Any CPU.Build.0 = Release|Any CPU
		{85303292-5272-4BF2-9A3C-55FA6A470FCF}.Debug|Any CPU.ActiveCfg = Debug|Any CPU
		{85303292-5272-4BF2-9A3C-55FA6A470FCF}.Debug|Any CPU.Build.0 = Debug|Any CPU
		{85303292-5272-4BF2-9A3C-55FA6A470FCF}.Release|Any CPU.ActiveCfg = Release|Any CPU
		{85303292-5272-4BF2-9A3C-55FA6A470FCF}.Release|Any CPU.Build.0 = Release|Any CPU
		{17551064-BCC9-4512-9749-EC72D4A3BC69}.Debug|Any CPU.ActiveCfg = Debug|Any CPU
		{17551064-BCC9-4512-9749-EC72D4A3BC69}.Debug|Any CPU.Build.0 = Debug|Any CPU
		{17551064-BCC9-4512-9749-EC72D4A3BC69}.Release|Any CPU.ActiveCfg = Release|Any CPU
		{17551064-BCC9-4512-9749-EC72D4A3BC69}.Release|Any CPU.Build.0 = Release|Any CPU
		{A656CEC1-D0A8-4BB7-BEEE-5062BD9A1E1D}.Debug|Any CPU.ActiveCfg = Debug|Any CPU
		{A656CEC1-D0A8-4BB7-BEEE-5062BD9A1E1D}.Debug|Any CPU.Build.0 = Debug|Any CPU
		{A656CEC1-D0A8-4BB7-BEEE-5062BD9A1E1D}.Release|Any CPU.ActiveCfg = Release|Any CPU
		{A656CEC1-D0A8-4BB7-BEEE-5062BD9A1E1D}.Release|Any CPU.Build.0 = Release|Any CPU
		{8D141F83-E525-4DB1-AED0-97EEF19FFC8F}.Debug|Any CPU.ActiveCfg = Debug|Any CPU
		{8D141F83-E525-4DB1-AED0-97EEF19FFC8F}.Debug|Any CPU.Build.0 = Debug|Any CPU
		{8D141F83-E525-4DB1-AED0-97EEF19FFC8F}.Release|Any CPU.ActiveCfg = Release|Any CPU
		{8D141F83-E525-4DB1-AED0-97EEF19FFC8F}.Release|Any CPU.Build.0 = Release|Any CPU
		{EB93B1DE-1FFC-4AF9-8B17-5802A37856F3}.Debug|Any CPU.ActiveCfg = Debug|Any CPU
		{EB93B1DE-1FFC-4AF9-8B17-5802A37856F3}.Debug|Any CPU.Build.0 = Debug|Any CPU
		{EB93B1DE-1FFC-4AF9-8B17-5802A37856F3}.Release|Any CPU.ActiveCfg = Release|Any CPU
		{EB93B1DE-1FFC-4AF9-8B17-5802A37856F3}.Release|Any CPU.Build.0 = Release|Any CPU
	EndGlobalSection
	GlobalSection(SolutionProperties) = preSolution
		HideSolutionNode = FALSE
	EndGlobalSection
	GlobalSection(NestedProjects) = preSolution
		{E4D070F2-B2D1-41C2-BD1E-F43E22993ACF} = {80898507-97E7-48B1-9458-4B98D6CF5397}
		{A203C978-EFA2-453F-9037-E7F4A774C4C9} = {E4D070F2-B2D1-41C2-BD1E-F43E22993ACF}
		{0E93F9BE-CA84-493C-B01B-005DBC2A7DB4} = {80898507-97E7-48B1-9458-4B98D6CF5397}
		{85303292-5272-4BF2-9A3C-55FA6A470FCF} = {0E93F9BE-CA84-493C-B01B-005DBC2A7DB4}
		{043D0058-841C-4D98-A491-5D548908E505} = {80898507-97E7-48B1-9458-4B98D6CF5397}
		{17551064-BCC9-4512-9749-EC72D4A3BC69} = {043D0058-841C-4D98-A491-5D548908E505}
		{A656CEC1-D0A8-4BB7-BEEE-5062BD9A1E1D} = {043D0058-841C-4D98-A491-5D548908E505}
		{E0DA831F-CAFF-4111-B7F3-7AE304B9FC56} = {80898507-97E7-48B1-9458-4B98D6CF5397}
		{8D141F83-E525-4DB1-AED0-97EEF19FFC8F} = {E0DA831F-CAFF-4111-B7F3-7AE304B9FC56}
		{EB93B1DE-1FFC-4AF9-8B17-5802A37856F3} = {E0DA831F-CAFF-4111-B7F3-7AE304B9FC56}
	EndGlobalSection
	GlobalSection(ExtensibilityGlobals) = postSolution
		SolutionGuid = {80CDB9DD-5199-40FC-BF59-E77338B23BF0}
	EndGlobalSection
EndGlobal
